
Microsoft Visual Studio Solution File, Format Version 12.00
# Visual Studio Version 17
VisualStudioVersion = 17.4.33205.214
MinimumVisualStudioVersion = 10.0.40219.1
Project("{FAE04EC0-301F-11D3-BF4B-00C04F79EFBC}") = "eCommerceSite", "eCommerceSite\eCommerceSite.csproj", "{983F5996-B1FF-435B-A88B-F7AC70847897}"
EndProject
Global
	GlobalSection(SolutionConfigurationPlatforms) = preSolution
		Debug|Any CPU = Debug|Any CPU
		Release|Any CPU = Release|Any CPU
	EndGlobalSection
	GlobalSection(ProjectConfigurationPlatforms) = postSolution
		{983F5996-B1FF-435B-A88B-F7AC70847897}.Debug|Any CPU.ActiveCfg = Debug|Any CPU
		{983F5996-B1FF-435B-A88B-F7AC70847897}.Debug|Any CPU.Build.0 = Debug|Any CPU
		{983F5996-B1FF-435B-A88B-F7AC70847897}.Release|Any CPU.ActiveCfg = Release|Any CPU
		{983F5996-B1FF-435B-A88B-F7AC70847897}.Release|Any CPU.Build.0 = Release|Any CPU
	EndGlobalSection
	GlobalSection(SolutionProperties) = preSolution
		HideSolutionNode = FALSE
	EndGlobalSection
	GlobalSection(ExtensibilityGlobals) = postSolution
		SolutionGuid = {9C8FA8FF-29A8-4C19-8F48-BC6D907A83D4}
	EndGlobalSection
EndGlobal
